
Microsoft Visual Studio Solution File, Format Version 12.00
# Visual Studio Version 16
VisualStudioVersion = 16.0.29926.136
MinimumVisualStudioVersion = 10.0.40219.1
Project("{FAE04EC0-301F-11D3-BF4B-00C04F79EFBC}") = "Common.Test", "Common.Test.csproj", "{D9383881-76AE-44D1-8A85-E01470D93568}"
EndProject
Project("{FAE04EC0-301F-11D3-BF4B-00C04F79EFBC}") = "Common.Utility", "..\Common.Utility\Common.Utility.csproj", "{80E6A5C8-0049-4D22-A231-7B08D0E7863F}"
EndProject
Global
	GlobalSection(SolutionConfigurationPlatforms) = preSolution
		Debug|Any CPU = Debug|Any CPU
		Release|Any CPU = Release|Any CPU
	EndGlobalSection
	GlobalSection(ProjectConfigurationPlatforms) = postSolution
		{D9383881-76AE-44D1-8A85-E01470D93568}.Debug|Any CPU.ActiveCfg = Debug|Any CPU
		{D9383881-76AE-44D1-8A85-E01470D93568}.Debug|Any CPU.Build.0 = Debug|Any CPU
		{D9383881-76AE-44D1-8A85-E01470D93568}.Release|Any CPU.ActiveCfg = Release|Any CPU
		{D9383881-76AE-44D1-8A85-E01470D93568}.Release|Any CPU.Build.0 = Release|Any CPU
		{80E6A5C8-0049-4D22-A231-7B08D0E7863F}.Debug|Any CPU.ActiveCfg = Debug|Any CPU
		{80E6A5C8-0049-4D22-A231-7B08D0E7863F}.Debug|Any CPU.Build.0 = Debug|Any CPU
		{80E6A5C8-0049-4D22-A231-7B08D0E7863F}.Release|Any CPU.ActiveCfg = Release|Any CPU
		{80E6A5C8-0049-4D22-A231-7B08D0E7863F}.Release|Any CPU.Build.0 = Release|Any CPU
	EndGlobalSection
	GlobalSection(SolutionProperties) = preSolution
		HideSolutionNode = FALSE
	EndGlobalSection
	GlobalSection(ExtensibilityGlobals) = postSolution
		SolutionGuid = {75645EB7-2B56-4346-B256-A6CDA6F39777}
	EndGlobalSection
EndGlobal
